{
  "version": 4,
  "terraform_version": "1.4.2",
  "serial": 455,
  "lineage": "1c4ed091-77ce-6300-3745-d215c944fd9e",
  "outputs": {
    "instance_ip_addr": {
      "value": "40.121.3.14",
      "type": "string"
    }
  },
  "resources": [
    {
      "mode": "managed",
      "type": "azurerm_dns_a_record",
      "name": "asimov-site",
      "provider": "provider[\"registry.terraform.io/hashicorp/azurerm\"]",
      "instances": [
        {
          "schema_version": 1,
          "attributes": {
            "fqdn": "asimov-site.asimov.io.",
            "id": "/subscriptions/8e863d29-69c8-48c0-bafa-27e752c16c67/resourceGroups/atlastf-resgroup/providers/Microsoft.Network/dnsZones/asimov.io/A/asimov-site",
            "name": "asimov-site",
            "records": [
              "8.8.8.8",
              "8.8.8.9"
            ],
            "resource_group_name": "atlastf-resgroup",
            "tags": null,
            "target_resource_id": "",
            "timeouts": null,
            "ttl": 300,
            "zone_name": "asimov.io"
          },
          "sensitive_attributes": [],
          "private": "eyJlMmJmYjczMC1lY2FhLTExZTYtOGY4OC0zNDM2M2JjN2M0YzAiOnsiY3JlYXRlIjoxODAwMDAwMDAwMDAwLCJkZWxldGUiOjE4MDAwMDAwMDAwMDAsInJlYWQiOjMwMDAwMDAwMDAwMCwidXBkYXRlIjoxODAwMDAwMDAwMDAwfSwic2NoZW1hX3ZlcnNpb24iOiIxIn0=",
          "dependencies": [
            "azurerm_dns_zone.asimov",
            "azurerm_resource_group.main"
          ]
        }
      ]
    },
    {
      "mode": "managed",
      "type": "azurerm_dns_a_record",
      "name": "dostoievski-site",
      "provider": "provider[\"registry.terraform.io/hashicorp/azurerm\"]",
      "instances": [
        {
          "schema_version": 1,
          "attributes": {
            "fqdn": "dostoievski-site.dostoievski.io.",
            "id": "/subscriptions/8e863d29-69c8-48c0-bafa-27e752c16c67/resourceGroups/atlastf-resgroup/providers/Microsoft.Network/dnsZones/dostoievski.io/A/dostoievski-site",
            "name": "dostoievski-site",
            "records": [
              "8.8.8.8",
              "8.8.8.9"
            ],
            "resource_group_name": "atlastf-resgroup",
            "tags": null,
            "target_resource_id": "",
            "timeouts": null,
            "ttl": 300,
            "zone_name": "dostoievski.io"
          },
          "sensitive_attributes": [],
          "private": "eyJlMmJmYjczMC1lY2FhLTExZTYtOGY4OC0zNDM2M2JjN2M0YzAiOnsiY3JlYXRlIjoxODAwMDAwMDAwMDAwLCJkZWxldGUiOjE4MDAwMDAwMDAwMDAsInJlYWQiOjMwMDAwMDAwMDAwMCwidXBkYXRlIjoxODAwMDAwMDAwMDAwfSwic2NoZW1hX3ZlcnNpb24iOiIxIn0=",
          "dependencies": [
            "azurerm_dns_zone.dostoievski",
            "azurerm_resource_group.main"
          ]
        }
      ]
    },
    {
      "mode": "managed",
      "type": "azurerm_dns_zone",
      "name": "asimov",
      "provider": "provider[\"registry.terraform.io/hashicorp/azurerm\"]",
      "instances": [
        {
          "schema_version": 2,
          "attributes": {
            "id": "/subscriptions/8e863d29-69c8-48c0-bafa-27e752c16c67/resourceGroups/atlastf-resgroup/providers/Microsoft.Network/dnsZones/asimov.io",
            "max_number_of_record_sets": 10000,
            "name": "asimov.io",
            "name_servers": [
              "ns1-09.azure-dns.com.",
              "ns2-09.azure-dns.net.",
              "ns3-09.azure-dns.org.",
              "ns4-09.azure-dns.info."
            ],
            "number_of_record_sets": 2,
            "resource_group_name": "atlastf-resgroup",
            "soa_record": [
              {
                "email": "azuredns-hostmaster.microsoft.com",
                "expire_time": 2419200,
                "fqdn": "asimov.io.",
                "host_name": "ns1-09.azure-dns.com.",
                "minimum_ttl": 300,
                "refresh_time": 3600,
                "retry_time": 300,
                "serial_number": 1,
                "tags": {},
                "ttl": 3600
              }
            ],
            "tags": null,
            "timeouts": null
          },
          "sensitive_attributes": [],
          "private": "eyJlMmJmYjczMC1lY2FhLTExZTYtOGY4OC0zNDM2M2JjN2M0YzAiOnsiY3JlYXRlIjoxODAwMDAwMDAwMDAwLCJkZWxldGUiOjE4MDAwMDAwMDAwMDAsInJlYWQiOjMwMDAwMDAwMDAwMCwidXBkYXRlIjoxODAwMDAwMDAwMDAwfSwic2NoZW1hX3ZlcnNpb24iOiIyIn0=",
          "dependencies": [
            "azurerm_resource_group.main"
          ]
        }
      ]
    },
    {
      "mode": "managed",
      "type": "azurerm_dns_zone",
      "name": "dostoievski",
      "provider": "provider[\"registry.terraform.io/hashicorp/azurerm\"]",
      "instances": [
        {
          "schema_version": 2,
          "attributes": {
            "id": "/subscriptions/8e863d29-69c8-48c0-bafa-27e752c16c67/resourceGroups/atlastf-resgroup/providers/Microsoft.Network/dnsZones/dostoievski.io",
            "max_number_of_record_sets": 10000,
            "name": "dostoievski.io",
            "name_servers": [
              "ns1-05.azure-dns.com.",
              "ns2-05.azure-dns.net.",
              "ns3-05.azure-dns.org.",
              "ns4-05.azure-dns.info."
            ],
            "number_of_record_sets": 2,
            "resource_group_name": "atlastf-resgroup",
            "soa_record": [
              {
                "email": "azuredns-hostmaster.microsoft.com",
                "expire_time": 2419200,
                "fqdn": "dostoievski.io.",
                "host_name": "ns1-05.azure-dns.com.",
                "minimum_ttl": 300,
                "refresh_time": 3600,
                "retry_time": 300,
                "serial_number": 1,
                "tags": {},
                "ttl": 3600
              }
            ],
            "tags": null,
            "timeouts": null
          },
          "sensitive_attributes": [],
          "private": "eyJlMmJmYjczMC1lY2FhLTExZTYtOGY4OC0zNDM2M2JjN2M0YzAiOnsiY3JlYXRlIjoxODAwMDAwMDAwMDAwLCJkZWxldGUiOjE4MDAwMDAwMDAwMDAsInJlYWQiOjMwMDAwMDAwMDAwMCwidXBkYXRlIjoxODAwMDAwMDAwMDAwfSwic2NoZW1hX3ZlcnNpb24iOiIyIn0=",
          "dependencies": [
            "azurerm_resource_group.main"
          ]
        }
      ]
    },
    {
      "mode": "managed",
      "type": "azurerm_lb",
      "name": "lb",
      "provider": "provider[\"registry.terraform.io/hashicorp/azurerm\"]",
      "instances": [
        {
          "schema_version": 0,
          "attributes": {
            "edge_zone": "",
            "frontend_ip_configuration": [
              {
                "gateway_load_balancer_frontend_ip_configuration_id": "",
                "id": "/subscriptions/8e863d29-69c8-48c0-bafa-27e752c16c67/resourceGroups/atlastf-resgroup/providers/Microsoft.Network/loadBalancers/atlastf-load-balancer/frontendIPConfigurations/atlastf-frontend-ip",
                "inbound_nat_rules": [],
                "load_balancer_rules": [],
                "name": "atlastf-frontend-ip",
                "outbound_rules": [],
                "private_ip_address": "",
                "private_ip_address_allocation": "Dynamic",
                "private_ip_address_version": "",
                "public_ip_address_id": "/subscriptions/8e863d29-69c8-48c0-bafa-27e752c16c67/resourceGroups/atlastf-resgroup/providers/Microsoft.Network/publicIPAddresses/atlastf-pip",
                "public_ip_prefix_id": "",
                "subnet_id": "",
                "zones": null
              }
            ],
            "id": "/subscriptions/8e863d29-69c8-48c0-bafa-27e752c16c67/resourceGroups/atlastf-resgroup/providers/Microsoft.Network/loadBalancers/atlastf-load-balancer",
            "location": "eastus",
            "name": "atlastf-load-balancer",
            "private_ip_address": "",
            "private_ip_addresses": [],
            "resource_group_name": "atlastf-resgroup",
            "sku": "Basic",
            "sku_tier": "Regional",
            "tags": null,
            "timeouts": null
          },
          "sensitive_attributes": [],
          "private": "eyJlMmJmYjczMC1lY2FhLTExZTYtOGY4OC0zNDM2M2JjN2M0YzAiOnsiY3JlYXRlIjoxODAwMDAwMDAwMDAwLCJkZWxldGUiOjE4MDAwMDAwMDAwMDAsInJlYWQiOjMwMDAwMDAwMDAwMCwidXBkYXRlIjoxODAwMDAwMDAwMDAwfX0=",
          "dependencies": [
            "azurerm_public_ip.pip",
            "azurerm_resource_group.main"
          ]
        }
      ]
    },
    {
      "mode": "managed",
      "type": "azurerm_lb_backend_address_pool",
      "name": "pool",
      "provider": "provider[\"registry.terraform.io/hashicorp/azurerm\"]",
      "instances": [
        {
          "schema_version": 0,
          "attributes": {
            "backend_ip_configurations": [],
            "id": "/subscriptions/8e863d29-69c8-48c0-bafa-27e752c16c67/resourceGroups/atlastf-resgroup/providers/Microsoft.Network/loadBalancers/atlastf-load-balancer/backendAddressPools/atlastf-pool",
            "inbound_nat_rules": [],
            "load_balancing_rules": [],
            "loadbalancer_id": "/subscriptions/8e863d29-69c8-48c0-bafa-27e752c16c67/resourceGroups/atlastf-resgroup/providers/Microsoft.Network/loadBalancers/atlastf-load-balancer",
            "name": "atlastf-pool",
            "outbound_rules": [],
            "timeouts": null,
            "tunnel_interface": [],
            "virtual_network_id": ""
          },
          "sensitive_attributes": [],
          "private": "eyJlMmJmYjczMC1lY2FhLTExZTYtOGY4OC0zNDM2M2JjN2M0YzAiOnsiY3JlYXRlIjoxODAwMDAwMDAwMDAwLCJkZWxldGUiOjE4MDAwMDAwMDAwMDAsInJlYWQiOjMwMDAwMDAwMDAwMCwidXBkYXRlIjoxODAwMDAwMDAwMDAwfX0=",
          "dependencies": [
            "azurerm_lb.lb",
            "azurerm_public_ip.pip",
            "azurerm_resource_group.main"
          ]
        }
      ]
    },
    {
      "mode": "managed",
      "type": "azurerm_network_interface",
      "name": "neti",
      "provider": "provider[\"registry.terraform.io/hashicorp/azurerm\"]",
      "instances": [
        {
          "index_key": 0,
          "schema_version": 0,
          "attributes": {
            "applied_dns_servers": [],
            "dns_servers": [],
            "edge_zone": "",
            "enable_accelerated_networking": false,
            "enable_ip_forwarding": false,
            "id": "/subscriptions/8e863d29-69c8-48c0-bafa-27e752c16c67/resourceGroups/atlastf-resgroup/providers/Microsoft.Network/networkInterfaces/atlastf-ni1",
            "internal_dns_name_label": "",
            "internal_domain_name_suffix": "bifpcjezm4runha235qikngcoe.bx.internal.cloudapp.net",
            "ip_configuration": [
              {
                "gateway_load_balancer_frontend_ip_configuration_id": "",
                "name": "ip-config1",
                "primary": true,
                "private_ip_address": "10.0.0.4",
                "private_ip_address_allocation": "Dynamic",
                "private_ip_address_version": "IPv4",
                "public_ip_address_id": "",
                "subnet_id": "/subscriptions/8e863d29-69c8-48c0-bafa-27e752c16c67/resourceGroups/atlastf-resgroup/providers/Microsoft.Network/virtualNetworks/atlastf-vnet/subnets/subnet1"
              }
            ],
            "location": "eastus",
            "mac_address": "",
            "name": "atlastf-ni1",
            "private_ip_address": "10.0.0.4",
            "private_ip_addresses": [
              "10.0.0.4"
            ],
            "resource_group_name": "atlastf-resgroup",
            "tags": null,
            "timeouts": null,
            "virtual_machine_id": ""
          },
          "sensitive_attributes": [],
          "private": "eyJlMmJmYjczMC1lY2FhLTExZTYtOGY4OC0zNDM2M2JjN2M0YzAiOnsiY3JlYXRlIjoxODAwMDAwMDAwMDAwLCJkZWxldGUiOjE4MDAwMDAwMDAwMDAsInJlYWQiOjMwMDAwMDAwMDAwMCwidXBkYXRlIjoxODAwMDAwMDAwMDAwfX0=",
          "dependencies": [
            "azurerm_resource_group.main",
            "azurerm_virtual_network.vnet"
          ]
        },
        {
          "index_key": 1,
          "schema_version": 0,
          "attributes": {
            "applied_dns_servers": [],
            "dns_servers": [],
            "edge_zone": "",
            "enable_accelerated_networking": false,
            "enable_ip_forwarding": false,
            "id": "/subscriptions/8e863d29-69c8-48c0-bafa-27e752c16c67/resourceGroups/atlastf-resgroup/providers/Microsoft.Network/networkInterfaces/atlastf-ni2",
            "internal_dns_name_label": "",
            "internal_domain_name_suffix": "bifpcjezm4runha235qikngcoe.bx.internal.cloudapp.net",
            "ip_configuration": [
              {
                "gateway_load_balancer_frontend_ip_configuration_id": "",
                "name": "ip-config2",
                "primary": true,
                "private_ip_address": "10.0.4.4",
                "private_ip_address_allocation": "Dynamic",
                "private_ip_address_version": "IPv4",
                "public_ip_address_id": "",
                "subnet_id": "/subscriptions/8e863d29-69c8-48c0-bafa-27e752c16c67/resourceGroups/atlastf-resgroup/providers/Microsoft.Network/virtualNetworks/atlastf-vnet/subnets/subnet2"
              }
            ],
            "location": "eastus",
            "mac_address": "",
            "name": "atlastf-ni2",
            "private_ip_address": "10.0.4.4",
            "private_ip_addresses": [
              "10.0.4.4"
            ],
            "resource_group_name": "atlastf-resgroup",
            "tags": null,
            "timeouts": null,
            "virtual_machine_id": ""
          },
          "sensitive_attributes": [],
          "private": "eyJlMmJmYjczMC1lY2FhLTExZTYtOGY4OC0zNDM2M2JjN2M0YzAiOnsiY3JlYXRlIjoxODAwMDAwMDAwMDAwLCJkZWxldGUiOjE4MDAwMDAwMDAwMDAsInJlYWQiOjMwMDAwMDAwMDAwMCwidXBkYXRlIjoxODAwMDAwMDAwMDAwfX0=",
          "dependencies": [
            "azurerm_resource_group.main",
            "azurerm_virtual_network.vnet"
          ]
        },
        {
          "index_key": 2,
          "schema_version": 0,
          "attributes": {
            "applied_dns_servers": [],
            "dns_servers": [],
            "edge_zone": "",
            "enable_accelerated_networking": false,
            "enable_ip_forwarding": false,
            "id": "/subscriptions/8e863d29-69c8-48c0-bafa-27e752c16c67/resourceGroups/atlastf-resgroup/providers/Microsoft.Network/networkInterfaces/atlastf-ni3",
            "internal_dns_name_label": "",
            "internal_domain_name_suffix": "bifpcjezm4runha235qikngcoe.bx.internal.cloudapp.net",
            "ip_configuration": [
              {
                "gateway_load_balancer_frontend_ip_configuration_id": "",
                "name": "ip-config3",
                "primary": true,
                "private_ip_address": "10.0.8.4",
                "private_ip_address_allocation": "Dynamic",
                "private_ip_address_version": "IPv4",
                "public_ip_address_id": "",
                "subnet_id": "/subscriptions/8e863d29-69c8-48c0-bafa-27e752c16c67/resourceGroups/atlastf-resgroup/providers/Microsoft.Network/virtualNetworks/atlastf-vnet/subnets/subnet3"
              }
            ],
            "location": "eastus",
            "mac_address": "",
            "name": "atlastf-ni3",
            "private_ip_address": "10.0.8.4",
            "private_ip_addresses": [
              "10.0.8.4"
            ],
            "resource_group_name": "atlastf-resgroup",
            "tags": null,
            "timeouts": null,
            "virtual_machine_id": ""
          },
          "sensitive_attributes": [],
          "private": "eyJlMmJmYjczMC1lY2FhLTExZTYtOGY4OC0zNDM2M2JjN2M0YzAiOnsiY3JlYXRlIjoxODAwMDAwMDAwMDAwLCJkZWxldGUiOjE4MDAwMDAwMDAwMDAsInJlYWQiOjMwMDAwMDAwMDAwMCwidXBkYXRlIjoxODAwMDAwMDAwMDAwfX0=",
          "dependencies": [
            "azurerm_resource_group.main",
            "azurerm_virtual_network.vnet"
          ]
        }
      ]
    },
    {
      "mode": "managed",
      "type": "azurerm_network_interface_backend_address_pool_association",
      "name": "pool-aso",
      "provider": "provider[\"registry.terraform.io/hashicorp/azurerm\"]",
      "instances": [
        {
          "index_key": 2,
          "schema_version": 0,
          "attributes": {
            "backend_address_pool_id": "/subscriptions/8e863d29-69c8-48c0-bafa-27e752c16c67/resourceGroups/atlastf-resgroup/providers/Microsoft.Network/loadBalancers/atlastf-load-balancer/backendAddressPools/atlastf-pool",
            "id": "/subscriptions/8e863d29-69c8-48c0-bafa-27e752c16c67/resourceGroups/atlastf-resgroup/providers/Microsoft.Network/networkInterfaces/atlastf-ni3/ipConfigurations/ip-config3|/subscriptions/8e863d29-69c8-48c0-bafa-27e752c16c67/resourceGroups/atlastf-resgroup/providers/Microsoft.Network/loadBalancers/atlastf-load-balancer/backendAddressPools/atlastf-pool",
            "ip_configuration_name": "ip-config3",
            "network_interface_id": "/subscriptions/8e863d29-69c8-48c0-bafa-27e752c16c67/resourceGroups/atlastf-resgroup/providers/Microsoft.Network/networkInterfaces/atlastf-ni3",
            "timeouts": null
          },
          "sensitive_attributes": [],
          "private": "eyJlMmJmYjczMC1lY2FhLTExZTYtOGY4OC0zNDM2M2JjN2M0YzAiOnsiY3JlYXRlIjoxODAwMDAwMDAwMDAwLCJkZWxldGUiOjE4MDAwMDAwMDAwMDAsInJlYWQiOjMwMDAwMDAwMDAwMCwidXBkYXRlIjoxODAwMDAwMDAwMDAwfX0=",
          "dependencies": [
            "azurerm_lb.lb",
            "azurerm_lb_backend_address_pool.pool",
            "azurerm_network_interface.neti",
            "azurerm_public_ip.pip",
            "azurerm_resource_group.main",
            "azurerm_virtual_network.vnet"
          ]
        }
      ]
    },
    {
      "mode": "managed",
      "type": "azurerm_network_security_group",
      "name": "nsg",
      "provider": "provider[\"registry.terraform.io/hashicorp/azurerm\"]",
      "instances": [
        {
          "schema_version": 0,
          "attributes": {
            "id": "/subscriptions/8e863d29-69c8-48c0-bafa-27e752c16c67/resourceGroups/atlastf-resgroup/providers/Microsoft.Network/networkSecurityGroups/atlastf-nsg",
            "location": "eastus",
            "name": "atlastf-nsg",
            "resource_group_name": "atlastf-resgroup",
            "security_rule": [
              {
                "access": "Allow",
                "description": "",
                "destination_address_prefix": "*",
                "destination_address_prefixes": [],
                "destination_application_security_group_ids": [],
                "destination_port_range": "*",
                "destination_port_ranges": [],
                "direction": "Outbound",
                "name": "any-out",
                "priority": 100,
                "protocol": "*",
                "source_address_prefix": "*",
                "source_address_prefixes": [],
                "source_application_security_group_ids": [],
                "source_port_range": "*",
                "source_port_ranges": []
              },
              {
                "access": "Allow",
                "description": "",
                "destination_address_prefix": "*",
                "destination_address_prefixes": [],
                "destination_application_security_group_ids": [],
                "destination_port_range": "22",
                "destination_port_ranges": [],
                "direction": "Inbound",
                "name": "ssh-in",
                "priority": 102,
                "protocol": "Tcp",
                "source_address_prefix": "*",
                "source_address_prefixes": [],
                "source_application_security_group_ids": [],
                "source_port_range": "*",
                "source_port_ranges": []
              },
              {
                "access": "Allow",
                "description": "",
                "destination_address_prefix": "*",
                "destination_address_prefixes": [],
                "destination_application_security_group_ids": [],
                "destination_port_range": "443",
                "destination_port_ranges": [],
                "direction": "Inbound",
                "name": "https-in",
                "priority": 101,
                "protocol": "Tcp",
                "source_address_prefix": "*",
                "source_address_prefixes": [],
                "source_application_security_group_ids": [],
                "source_port_range": "*",
                "source_port_ranges": []
              },
              {
                "access": "Allow",
                "description": "",
                "destination_address_prefix": "*",
                "destination_address_prefixes": [],
                "destination_application_security_group_ids": [],
                "destination_port_range": "80",
                "destination_port_ranges": [],
                "direction": "Inbound",
                "name": "http-in",
                "priority": 100,
                "protocol": "Tcp",
                "source_address_prefix": "*",
                "source_address_prefixes": [],
                "source_application_security_group_ids": [],
                "source_port_range": "*",
                "source_port_ranges": []
              }
            ],
            "tags": null,
            "timeouts": null
          },
          "sensitive_attributes": [],
          "private": "eyJlMmJmYjczMC1lY2FhLTExZTYtOGY4OC0zNDM2M2JjN2M0YzAiOnsiY3JlYXRlIjoxODAwMDAwMDAwMDAwLCJkZWxldGUiOjE4MDAwMDAwMDAwMDAsInJlYWQiOjMwMDAwMDAwMDAwMCwidXBkYXRlIjoxODAwMDAwMDAwMDAwfX0=",
          "dependencies": [
            "azurerm_resource_group.main"
          ]
        }
      ]
    },
    {
      "mode": "managed",
      "type": "azurerm_public_ip",
      "name": "pip",
      "provider": "provider[\"registry.terraform.io/hashicorp/azurerm\"]",
      "instances": [
        {
          "schema_version": 0,
          "attributes": {
            "allocation_method": "Static",
            "ddos_protection_mode": "VirtualNetworkInherited",
            "ddos_protection_plan_id": null,
            "domain_name_label": null,
            "edge_zone": "",
            "fqdn": null,
            "id": "/subscriptions/8e863d29-69c8-48c0-bafa-27e752c16c67/resourceGroups/atlastf-resgroup/providers/Microsoft.Network/publicIPAddresses/atlastf-pip",
            "idle_timeout_in_minutes": 4,
            "ip_address": "40.121.3.14",
            "ip_tags": null,
            "ip_version": "IPv4",
            "location": "eastus",
            "name": "atlastf-pip",
            "public_ip_prefix_id": null,
            "resource_group_name": "atlastf-resgroup",
            "reverse_fqdn": null,
            "sku": "Basic",
            "sku_tier": "Regional",
            "tags": null,
            "timeouts": null,
            "zones": null
          },
          "sensitive_attributes": [],
          "private": "eyJlMmJmYjczMC1lY2FhLTExZTYtOGY4OC0zNDM2M2JjN2M0YzAiOnsiY3JlYXRlIjoxODAwMDAwMDAwMDAwLCJkZWxldGUiOjE4MDAwMDAwMDAwMDAsInJlYWQiOjMwMDAwMDAwMDAwMCwidXBkYXRlIjoxODAwMDAwMDAwMDAwfX0=",
          "dependencies": [
            "azurerm_resource_group.main"
          ]
        }
      ]
    },
    {
      "mode": "managed",
      "type": "azurerm_resource_group",
      "name": "main",
      "provider": "provider[\"registry.terraform.io/hashicorp/azurerm\"]",
      "instances": [
        {
          "schema_version": 0,
          "attributes": {
            "id": "/subscriptions/8e863d29-69c8-48c0-bafa-27e752c16c67/resourceGroups/atlastf-resgroup",
            "location": "eastus",
            "name": "atlastf-resgroup",
            "tags": null,
            "timeouts": null
          },
          "sensitive_attributes": [],
          "private": "eyJlMmJmYjczMC1lY2FhLTExZTYtOGY4OC0zNDM2M2JjN2M0YzAiOnsiY3JlYXRlIjo1NDAwMDAwMDAwMDAwLCJkZWxldGUiOjU0MDAwMDAwMDAwMDAsInJlYWQiOjMwMDAwMDAwMDAwMCwidXBkYXRlIjo1NDAwMDAwMDAwMDAwfX0="
        }
      ]
    },
    {
      "mode": "managed",
      "type": "azurerm_subnet_network_security_group_association",
      "name": "subnet-nsg",
      "provider": "provider[\"registry.terraform.io/hashicorp/azurerm\"]",
      "instances": [
        {
          "index_key": 0,
          "schema_version": 0,
          "attributes": {
            "id": "/subscriptions/8e863d29-69c8-48c0-bafa-27e752c16c67/resourceGroups/atlastf-resgroup/providers/Microsoft.Network/virtualNetworks/atlastf-vnet/subnets/subnet1",
            "network_security_group_id": "/subscriptions/8e863d29-69c8-48c0-bafa-27e752c16c67/resourceGroups/atlastf-resgroup/providers/Microsoft.Network/networkSecurityGroups/atlastf-nsg",
            "subnet_id": "/subscriptions/8e863d29-69c8-48c0-bafa-27e752c16c67/resourceGroups/atlastf-resgroup/providers/Microsoft.Network/virtualNetworks/atlastf-vnet/subnets/subnet1",
            "timeouts": null
          },
          "sensitive_attributes": [],
          "private": "eyJlMmJmYjczMC1lY2FhLTExZTYtOGY4OC0zNDM2M2JjN2M0YzAiOnsiY3JlYXRlIjoxODAwMDAwMDAwMDAwLCJkZWxldGUiOjE4MDAwMDAwMDAwMDAsInJlYWQiOjMwMDAwMDAwMDAwMCwidXBkYXRlIjoxODAwMDAwMDAwMDAwfX0=",
          "dependencies": [
            "azurerm_network_security_group.nsg",
            "azurerm_resource_group.main",
            "azurerm_virtual_network.vnet"
          ]
        },
        {
          "index_key": 1,
          "schema_version": 0,
          "attributes": {
            "id": "/subscriptions/8e863d29-69c8-48c0-bafa-27e752c16c67/resourceGroups/atlastf-resgroup/providers/Microsoft.Network/virtualNetworks/atlastf-vnet/subnets/subnet2",
            "network_security_group_id": "/subscriptions/8e863d29-69c8-48c0-bafa-27e752c16c67/resourceGroups/atlastf-resgroup/providers/Microsoft.Network/networkSecurityGroups/atlastf-nsg",
            "subnet_id": "/subscriptions/8e863d29-69c8-48c0-bafa-27e752c16c67/resourceGroups/atlastf-resgroup/providers/Microsoft.Network/virtualNetworks/atlastf-vnet/subnets/subnet2",
            "timeouts": null
          },
          "sensitive_attributes": [],
          "private": "eyJlMmJmYjczMC1lY2FhLTExZTYtOGY4OC0zNDM2M2JjN2M0YzAiOnsiY3JlYXRlIjoxODAwMDAwMDAwMDAwLCJkZWxldGUiOjE4MDAwMDAwMDAwMDAsInJlYWQiOjMwMDAwMDAwMDAwMCwidXBkYXRlIjoxODAwMDAwMDAwMDAwfX0=",
          "dependencies": [
            "azurerm_network_security_group.nsg",
            "azurerm_resource_group.main",
            "azurerm_virtual_network.vnet"
          ]
        },
        {
          "index_key": 2,
          "schema_version": 0,
          "attributes": {
            "id": "/subscriptions/8e863d29-69c8-48c0-bafa-27e752c16c67/resourceGroups/atlastf-resgroup/providers/Microsoft.Network/virtualNetworks/atlastf-vnet/subnets/subnet3",
            "network_security_group_id": "/subscriptions/8e863d29-69c8-48c0-bafa-27e752c16c67/resourceGroups/atlastf-resgroup/providers/Microsoft.Network/networkSecurityGroups/atlastf-nsg",
            "subnet_id": "/subscriptions/8e863d29-69c8-48c0-bafa-27e752c16c67/resourceGroups/atlastf-resgroup/providers/Microsoft.Network/virtualNetworks/atlastf-vnet/subnets/subnet3",
            "timeouts": null
          },
          "sensitive_attributes": [],
          "private": "eyJlMmJmYjczMC1lY2FhLTExZTYtOGY4OC0zNDM2M2JjN2M0YzAiOnsiY3JlYXRlIjoxODAwMDAwMDAwMDAwLCJkZWxldGUiOjE4MDAwMDAwMDAwMDAsInJlYWQiOjMwMDAwMDAwMDAwMCwidXBkYXRlIjoxODAwMDAwMDAwMDAwfX0=",
          "dependencies": [
            "azurerm_network_security_group.nsg",
            "azurerm_resource_group.main",
            "azurerm_virtual_network.vnet"
          ]
        }
      ]
    },
    {
      "mode": "managed",
      "type": "azurerm_virtual_machine",
      "name": "apache-vm",
      "provider": "provider[\"registry.terraform.io/hashicorp/azurerm\"]",
      "instances": [
        {
          "index_key": 0,
          "schema_version": 0,
          "attributes": {
            "additional_capabilities": [],
            "availability_set_id": null,
            "boot_diagnostics": [],
            "delete_data_disks_on_termination": false,
            "delete_os_disk_on_termination": false,
            "id": "/subscriptions/8e863d29-69c8-48c0-bafa-27e752c16c67/resourceGroups/atlastf-resgroup/providers/Microsoft.Compute/virtualMachines/atlastf-vm-apache1",
            "identity": [],
            "license_type": null,
            "location": "eastus",
            "name": "atlastf-vm-apache1",
            "network_interface_ids": [
              "/subscriptions/8e863d29-69c8-48c0-bafa-27e752c16c67/resourceGroups/atlastf-resgroup/providers/Microsoft.Network/networkInterfaces/atlastf-ni2"
            ],
            "os_profile": [
              {
                "admin_password": "",
                "admin_username": "atlas",
                "computer_name": "atlastf",
                "custom_data": ""
              }
            ],
            "os_profile_linux_config": [
              {
                "disable_password_authentication": true,
                "ssh_keys": [
                  {
                    "key_data": "ssh-rsa AAAAB3NzaC1yc2EAAAADAQABAAABgQDQmwunmHMi4p+W0XFVMQmu7W6Ud+B/pkzvOpesIQhap0kVp9JVpxdVEYr03CglqRsdpBhi6jeobrRrc+9Z4UwtDUkiejJX1lXuH/NEXonk2UeZ13p36tPWf7nDvuhzZG/PZT2KZHV2DU6TQdiDc8f/hZlvZXvez82N0O5hxIr1XXlkDkUdJNfgpjiLSJtKpovCNpxq7eUtO92sULtw/V4bSNchBAlHFDi1yQRN8hGkSWJFiaQZ1J/y5Ag60h0sv8RdKGGT9nXCWDqz1fiPvPvlDRErq/CKIYkVZ3QGurEGKHOkFk7MOzVpVmU2GMfs5OgjTMG0hkIqS2qAJjikQgV3Gr2+zDT4VlGDzJYiLi+OnkYEkNJATAUGljLfJBnzJjZVGeYkf5gvAlufFtsap7UT0KlUEUCf0ShilDDx1NiFhWP0/SJDxD9CwDvxCp2zbzx8Tqo9RzJSfiwYQYWdnPPtpuimhByTLgHi9MuD7EEcGFLGthu+Nueazr5smA4qeUU= tecaz@ubuntu-s-1vcpu-1gb-nyc3-01\r\n",
                    "path": "/home/atlas/.ssh/authorized_keys"
                  }
                ]
              }
            ],
            "os_profile_secrets": [],
            "os_profile_windows_config": [],
            "plan": [],
            "primary_network_interface_id": null,
            "proximity_placement_group_id": null,
            "resource_group_name": "atlastf-resgroup",
            "storage_data_disk": [],
            "storage_image_reference": [
              {
                "id": "",
                "offer": "UbuntuServer",
                "publisher": "Canonical",
                "sku": "18.04-LTS",
                "version": "latest"
              }
            ],
            "storage_os_disk": [
              {
                "caching": "ReadWrite",
                "create_option": "FromImage",
                "disk_size_gb": 30,
                "image_uri": "",
                "managed_disk_id": "/subscriptions/8e863d29-69c8-48c0-bafa-27e752c16c67/resourceGroups/atlastf-resgroup/providers/Microsoft.Compute/disks/atlastf-osdisk-apache1",
                "managed_disk_type": "Standard_LRS",
                "name": "atlastf-osdisk-apache1",
                "os_type": "Linux",
                "vhd_uri": "",
                "write_accelerator_enabled": false
              }
            ],
            "tags": null,
            "timeouts": null,
            "vm_size": "Standard_B1s",
            "zones": null
          },
          "sensitive_attributes": [],
          "private": "eyJlMmJmYjczMC1lY2FhLTExZTYtOGY4OC0zNDM2M2JjN2M0YzAiOnsiY3JlYXRlIjozNjAwMDAwMDAwMDAwLCJkZWxldGUiOjM2MDAwMDAwMDAwMDAsInJlYWQiOjMwMDAwMDAwMDAwMCwidXBkYXRlIjozNjAwMDAwMDAwMDAwfX0=",
          "dependencies": [
            "azurerm_network_interface.neti",
            "azurerm_resource_group.main",
            "azurerm_virtual_network.vnet"
          ]
        },
        {
          "index_key": 1,
          "schema_version": 0,
          "attributes": {
            "additional_capabilities": [],
            "availability_set_id": null,
            "boot_diagnostics": [],
            "delete_data_disks_on_termination": false,
            "delete_os_disk_on_termination": false,
            "id": "/subscriptions/8e863d29-69c8-48c0-bafa-27e752c16c67/resourceGroups/atlastf-resgroup/providers/Microsoft.Compute/virtualMachines/atlastf-vm-apache2",
            "identity": [],
            "license_type": null,
            "location": "eastus",
            "name": "atlastf-vm-apache2",
            "network_interface_ids": [
              "/subscriptions/8e863d29-69c8-48c0-bafa-27e752c16c67/resourceGroups/atlastf-resgroup/providers/Microsoft.Network/networkInterfaces/atlastf-ni3"
            ],
            "os_profile": [
              {
                "admin_password": "",
                "admin_username": "atlas",
                "computer_name": "atlastf",
                "custom_data": ""
              }
            ],
            "os_profile_linux_config": [
              {
                "disable_password_authentication": true,
                "ssh_keys": [
                  {
                    "key_data": "ssh-rsa AAAAB3NzaC1yc2EAAAADAQABAAABgQDQmwunmHMi4p+W0XFVMQmu7W6Ud+B/pkzvOpesIQhap0kVp9JVpxdVEYr03CglqRsdpBhi6jeobrRrc+9Z4UwtDUkiejJX1lXuH/NEXonk2UeZ13p36tPWf7nDvuhzZG/PZT2KZHV2DU6TQdiDc8f/hZlvZXvez82N0O5hxIr1XXlkDkUdJNfgpjiLSJtKpovCNpxq7eUtO92sULtw/V4bSNchBAlHFDi1yQRN8hGkSWJFiaQZ1J/y5Ag60h0sv8RdKGGT9nXCWDqz1fiPvPvlDRErq/CKIYkVZ3QGurEGKHOkFk7MOzVpVmU2GMfs5OgjTMG0hkIqS2qAJjikQgV3Gr2+zDT4VlGDzJYiLi+OnkYEkNJATAUGljLfJBnzJjZVGeYkf5gvAlufFtsap7UT0KlUEUCf0ShilDDx1NiFhWP0/SJDxD9CwDvxCp2zbzx8Tqo9RzJSfiwYQYWdnPPtpuimhByTLgHi9MuD7EEcGFLGthu+Nueazr5smA4qeUU= tecaz@ubuntu-s-1vcpu-1gb-nyc3-01\r\n",
                    "path": "/home/atlas/.ssh/authorized_keys"
                  }
                ]
              }
            ],
            "os_profile_secrets": [],
            "os_profile_windows_config": [],
            "plan": [],
            "primary_network_interface_id": null,
            "proximity_placement_group_id": null,
            "resource_group_name": "atlastf-resgroup",
            "storage_data_disk": [],
            "storage_image_reference": [
              {
                "id": "",
                "offer": "UbuntuServer",
                "publisher": "Canonical",
                "sku": "18.04-LTS",
                "version": "latest"
              }
            ],
            "storage_os_disk": [
              {
                "caching": "ReadWrite",
                "create_option": "FromImage",
                "disk_size_gb": 30,
                "image_uri": "",
                "managed_disk_id": "/subscriptions/8e863d29-69c8-48c0-bafa-27e752c16c67/resourceGroups/atlastf-resgroup/providers/Microsoft.Compute/disks/atlastf-osdisk-apache2",
                "managed_disk_type": "Standard_LRS",
                "name": "atlastf-osdisk-apache2",
                "os_type": "Linux",
                "vhd_uri": "",
                "write_accelerator_enabled": false
              }
            ],
            "tags": null,
            "timeouts": null,
            "vm_size": "Standard_B1s",
            "zones": null
          },
          "sensitive_attributes": [],
          "private": "eyJlMmJmYjczMC1lY2FhLTExZTYtOGY4OC0zNDM2M2JjN2M0YzAiOnsiY3JlYXRlIjozNjAwMDAwMDAwMDAwLCJkZWxldGUiOjM2MDAwMDAwMDAwMDAsInJlYWQiOjMwMDAwMDAwMDAwMCwidXBkYXRlIjozNjAwMDAwMDAwMDAwfX0=",
          "dependencies": [
            "azurerm_network_interface.neti",
            "azurerm_resource_group.main",
            "azurerm_virtual_network.vnet"
          ]
        }
      ]
    },
    {
      "mode": "managed",
      "type": "azurerm_virtual_machine",
      "name": "dns-vm",
      "provider": "provider[\"registry.terraform.io/hashicorp/azurerm\"]",
      "instances": [
        {
          "schema_version": 0,
          "attributes": {
            "additional_capabilities": [],
            "availability_set_id": null,
            "boot_diagnostics": [],
            "delete_data_disks_on_termination": false,
            "delete_os_disk_on_termination": false,
            "id": "/subscriptions/8e863d29-69c8-48c0-bafa-27e752c16c67/resourceGroups/atlastf-resgroup/providers/Microsoft.Compute/virtualMachines/atlastf-vm-dns",
            "identity": [],
            "license_type": null,
            "location": "eastus",
            "name": "atlastf-vm-dns",
            "network_interface_ids": [
              "/subscriptions/8e863d29-69c8-48c0-bafa-27e752c16c67/resourceGroups/atlastf-resgroup/providers/Microsoft.Network/networkInterfaces/atlastf-ni1"
            ],
            "os_profile": [
              {
                "admin_password": "",
                "admin_username": "atlas",
                "computer_name": "atlastf",
                "custom_data": ""
              }
            ],
            "os_profile_linux_config": [
              {
                "disable_password_authentication": true,
                "ssh_keys": [
                  {
                    "key_data": "ssh-rsa AAAAB3NzaC1yc2EAAAADAQABAAABgQDQmwunmHMi4p+W0XFVMQmu7W6Ud+B/pkzvOpesIQhap0kVp9JVpxdVEYr03CglqRsdpBhi6jeobrRrc+9Z4UwtDUkiejJX1lXuH/NEXonk2UeZ13p36tPWf7nDvuhzZG/PZT2KZHV2DU6TQdiDc8f/hZlvZXvez82N0O5hxIr1XXlkDkUdJNfgpjiLSJtKpovCNpxq7eUtO92sULtw/V4bSNchBAlHFDi1yQRN8hGkSWJFiaQZ1J/y5Ag60h0sv8RdKGGT9nXCWDqz1fiPvPvlDRErq/CKIYkVZ3QGurEGKHOkFk7MOzVpVmU2GMfs5OgjTMG0hkIqS2qAJjikQgV3Gr2+zDT4VlGDzJYiLi+OnkYEkNJATAUGljLfJBnzJjZVGeYkf5gvAlufFtsap7UT0KlUEUCf0ShilDDx1NiFhWP0/SJDxD9CwDvxCp2zbzx8Tqo9RzJSfiwYQYWdnPPtpuimhByTLgHi9MuD7EEcGFLGthu+Nueazr5smA4qeUU= tecaz@ubuntu-s-1vcpu-1gb-nyc3-01\r\n",
                    "path": "/home/atlas/.ssh/authorized_keys"
                  }
                ]
              }
            ],
            "os_profile_secrets": [],
            "os_profile_windows_config": [],
            "plan": [],
            "primary_network_interface_id": null,
            "proximity_placement_group_id": null,
            "resource_group_name": "atlastf-resgroup",
            "storage_data_disk": [],
            "storage_image_reference": [
              {
                "id": "",
                "offer": "UbuntuServer",
                "publisher": "Canonical",
                "sku": "18.04-LTS",
                "version": "latest"
              }
            ],
            "storage_os_disk": [
              {
                "caching": "ReadWrite",
                "create_option": "FromImage",
                "disk_size_gb": 30,
                "image_uri": "",
                "managed_disk_id": "/subscriptions/8e863d29-69c8-48c0-bafa-27e752c16c67/resourceGroups/atlastf-resgroup/providers/Microsoft.Compute/disks/atlastf-osdisk-dns",
                "managed_disk_type": "Standard_LRS",
                "name": "atlastf-osdisk-dns",
                "os_type": "Linux",
                "vhd_uri": "",
                "write_accelerator_enabled": false
              }
            ],
            "tags": null,
            "timeouts": null,
            "vm_size": "Standard_B1s",
            "zones": null
          },
          "sensitive_attributes": [],
          "private": "eyJlMmJmYjczMC1lY2FhLTExZTYtOGY4OC0zNDM2M2JjN2M0YzAiOnsiY3JlYXRlIjozNjAwMDAwMDAwMDAwLCJkZWxldGUiOjM2MDAwMDAwMDAwMDAsInJlYWQiOjMwMDAwMDAwMDAwMCwidXBkYXRlIjozNjAwMDAwMDAwMDAwfX0=",
          "dependencies": [
            "azurerm_network_interface.neti",
            "azurerm_resource_group.main",
            "azurerm_virtual_network.vnet"
          ]
        }
      ]
    },
    {
      "mode": "managed",
      "type": "azurerm_virtual_network",
      "name": "vnet",
      "provider": "provider[\"registry.terraform.io/hashicorp/azurerm\"]",
      "instances": [
        {
          "schema_version": 0,
          "attributes": {
            "address_space": [
              "10.0.0.0/8"
            ],
            "bgp_community": "",
            "ddos_protection_plan": [],
            "dns_servers": [],
            "edge_zone": "",
            "flow_timeout_in_minutes": 0,
            "guid": "24f10a0a-6799-46a3-9c1c-efe08534c274",
            "id": "/subscriptions/8e863d29-69c8-48c0-bafa-27e752c16c67/resourceGroups/atlastf-resgroup/providers/Microsoft.Network/virtualNetworks/atlastf-vnet",
            "location": "eastus",
            "name": "atlastf-vnet",
            "resource_group_name": "atlastf-resgroup",
            "subnet": [
              {
                "address_prefix": "10.0.0.0/22",
                "id": "/subscriptions/8e863d29-69c8-48c0-bafa-27e752c16c67/resourceGroups/atlastf-resgroup/providers/Microsoft.Network/virtualNetworks/atlastf-vnet/subnets/subnet1",
                "name": "subnet1",
                "security_group": ""
              },
              {
                "address_prefix": "10.0.4.0/22",
                "id": "/subscriptions/8e863d29-69c8-48c0-bafa-27e752c16c67/resourceGroups/atlastf-resgroup/providers/Microsoft.Network/virtualNetworks/atlastf-vnet/subnets/subnet2",
                "name": "subnet2",
                "security_group": ""
              },
              {
                "address_prefix": "10.0.8.0/22",
                "id": "/subscriptions/8e863d29-69c8-48c0-bafa-27e752c16c67/resourceGroups/atlastf-resgroup/providers/Microsoft.Network/virtualNetworks/atlastf-vnet/subnets/subnet3",
                "name": "subnet3",
                "security_group": ""
              }
            ],
            "tags": null,
            "timeouts": null
          },
          "sensitive_attributes": [],
          "private": "eyJlMmJmYjczMC1lY2FhLTExZTYtOGY4OC0zNDM2M2JjN2M0YzAiOnsiY3JlYXRlIjoxODAwMDAwMDAwMDAwLCJkZWxldGUiOjE4MDAwMDAwMDAwMDAsInJlYWQiOjMwMDAwMDAwMDAwMCwidXBkYXRlIjoxODAwMDAwMDAwMDAwfX0=",
          "dependencies": [
            "azurerm_resource_group.main"
          ]
        }
      ]
    }
  ],
  "check_results": null
}
