{
  "version": 4,
  "terraform_version": "1.4.2",
  "serial": 41,
  "lineage": "1c4ed091-77ce-6300-3745-d215c944fd9e",
  "outputs": {},
  "resources": [
    {
      "mode": "managed",
      "type": "azurerm_dns_a_record",
      "name": "asimov-site",
      "provider": "provider[\"registry.terraform.io/hashicorp/azurerm\"]",
      "instances": [
        {
          "schema_version": 1,
          "attributes": {
            "fqdn": "asimov-site.asimov.io.",
            "id": "/subscriptions/8e863d29-69c8-48c0-bafa-27e752c16c67/resourceGroups/atlastf-dns/providers/Microsoft.Network/dnsZones/asimov.io/A/asimov-site",
            "name": "asimov-site",
            "records": [
              "10.0.0.1"
            ],
            "resource_group_name": "atlastf-dns",
            "tags": {},
            "target_resource_id": "",
            "timeouts": null,
            "ttl": 300,
            "zone_name": "asimov.io"
          },
          "sensitive_attributes": [],
          "private": "eyJlMmJmYjczMC1lY2FhLTExZTYtOGY4OC0zNDM2M2JjN2M0YzAiOnsiY3JlYXRlIjoxODAwMDAwMDAwMDAwLCJkZWxldGUiOjE4MDAwMDAwMDAwMDAsInJlYWQiOjMwMDAwMDAwMDAwMCwidXBkYXRlIjoxODAwMDAwMDAwMDAwfSwic2NoZW1hX3ZlcnNpb24iOiIxIn0=",
          "dependencies": [
            "azurerm_dns_zone.asimov",
            "azurerm_resource_group.dns"
          ]
        }
      ]
    },
    {
      "mode": "managed",
      "type": "azurerm_dns_a_record",
      "name": "dostoievski-site",
      "provider": "provider[\"registry.terraform.io/hashicorp/azurerm\"]",
      "instances": [
        {
          "schema_version": 1,
          "attributes": {
            "fqdn": "dostoievski-site.dostoievski.io.",
            "id": "/subscriptions/8e863d29-69c8-48c0-bafa-27e752c16c67/resourceGroups/atlastf-dns/providers/Microsoft.Network/dnsZones/dostoievski.io/A/dostoievski-site",
            "name": "dostoievski-site",
            "records": [
              "8.8.8.8",
              "8.8.8.9"
            ],
            "resource_group_name": "atlastf-dns",
            "tags": {},
            "target_resource_id": "",
            "timeouts": null,
            "ttl": 300,
            "zone_name": "dostoievski.io"
          },
          "sensitive_attributes": [],
          "private": "eyJlMmJmYjczMC1lY2FhLTExZTYtOGY4OC0zNDM2M2JjN2M0YzAiOnsiY3JlYXRlIjoxODAwMDAwMDAwMDAwLCJkZWxldGUiOjE4MDAwMDAwMDAwMDAsInJlYWQiOjMwMDAwMDAwMDAwMCwidXBkYXRlIjoxODAwMDAwMDAwMDAwfSwic2NoZW1hX3ZlcnNpb24iOiIxIn0=",
          "dependencies": [
            "azurerm_dns_zone.dostoievski",
            "azurerm_resource_group.dns"
          ]
        }
      ]
    },
    {
      "mode": "managed",
      "type": "azurerm_dns_zone",
      "name": "asimov",
      "provider": "provider[\"registry.terraform.io/hashicorp/azurerm\"]",
      "instances": [
        {
          "schema_version": 2,
          "attributes": {
            "id": "/subscriptions/8e863d29-69c8-48c0-bafa-27e752c16c67/resourceGroups/atlastf-dns/providers/Microsoft.Network/dnsZones/asimov.io",
            "max_number_of_record_sets": 10000,
            "name": "asimov.io",
            "name_servers": [
              "ns1-01.azure-dns.com.",
              "ns2-01.azure-dns.net.",
              "ns3-01.azure-dns.org.",
              "ns4-01.azure-dns.info."
            ],
            "number_of_record_sets": 3,
            "resource_group_name": "atlastf-dns",
            "soa_record": [
              {
                "email": "azuredns-hostmaster.microsoft.com",
                "expire_time": 2419200,
                "fqdn": "asimov.io.",
                "host_name": "ns1-01.azure-dns.com.",
                "minimum_ttl": 300,
                "refresh_time": 3600,
                "retry_time": 300,
                "serial_number": 1,
                "tags": {},
                "ttl": 3600
              }
            ],
            "tags": {},
            "timeouts": null
          },
          "sensitive_attributes": [],
          "private": "eyJlMmJmYjczMC1lY2FhLTExZTYtOGY4OC0zNDM2M2JjN2M0YzAiOnsiY3JlYXRlIjoxODAwMDAwMDAwMDAwLCJkZWxldGUiOjE4MDAwMDAwMDAwMDAsInJlYWQiOjMwMDAwMDAwMDAwMCwidXBkYXRlIjoxODAwMDAwMDAwMDAwfSwic2NoZW1hX3ZlcnNpb24iOiIyIn0=",
          "dependencies": [
            "azurerm_resource_group.dns"
          ]
        }
      ]
    },
    {
      "mode": "managed",
      "type": "azurerm_dns_zone",
      "name": "dostoievski",
      "provider": "provider[\"registry.terraform.io/hashicorp/azurerm\"]",
      "instances": [
        {
          "schema_version": 2,
          "attributes": {
            "id": "/subscriptions/8e863d29-69c8-48c0-bafa-27e752c16c67/resourceGroups/atlastf-dns/providers/Microsoft.Network/dnsZones/dostoievski.io",
            "max_number_of_record_sets": 10000,
            "name": "dostoievski.io",
            "name_servers": [
              "ns1-06.azure-dns.com.",
              "ns2-06.azure-dns.net.",
              "ns3-06.azure-dns.org.",
              "ns4-06.azure-dns.info."
            ],
            "number_of_record_sets": 3,
            "resource_group_name": "atlastf-dns",
            "soa_record": [
              {
                "email": "azuredns-hostmaster.microsoft.com",
                "expire_time": 2419200,
                "fqdn": "dostoievski.io.",
                "host_name": "ns1-06.azure-dns.com.",
                "minimum_ttl": 300,
                "refresh_time": 3600,
                "retry_time": 300,
                "serial_number": 1,
                "tags": {},
                "ttl": 3600
              }
            ],
            "tags": {},
            "timeouts": null
          },
          "sensitive_attributes": [],
          "private": "eyJlMmJmYjczMC1lY2FhLTExZTYtOGY4OC0zNDM2M2JjN2M0YzAiOnsiY3JlYXRlIjoxODAwMDAwMDAwMDAwLCJkZWxldGUiOjE4MDAwMDAwMDAwMDAsInJlYWQiOjMwMDAwMDAwMDAwMCwidXBkYXRlIjoxODAwMDAwMDAwMDAwfSwic2NoZW1hX3ZlcnNpb24iOiIyIn0=",
          "dependencies": [
            "azurerm_resource_group.dns"
          ]
        }
      ]
    },
    {
      "mode": "managed",
      "type": "azurerm_resource_group",
      "name": "dns",
      "provider": "provider[\"registry.terraform.io/hashicorp/azurerm\"]",
      "instances": [
        {
          "schema_version": 0,
          "attributes": {
            "id": "/subscriptions/8e863d29-69c8-48c0-bafa-27e752c16c67/resourceGroups/atlastf-dns",
            "location": "eastus",
            "name": "atlastf-dns",
            "tags": {},
            "timeouts": null
          },
          "sensitive_attributes": [],
          "private": "eyJlMmJmYjczMC1lY2FhLTExZTYtOGY4OC0zNDM2M2JjN2M0YzAiOnsiY3JlYXRlIjo1NDAwMDAwMDAwMDAwLCJkZWxldGUiOjU0MDAwMDAwMDAwMDAsInJlYWQiOjMwMDAwMDAwMDAwMCwidXBkYXRlIjo1NDAwMDAwMDAwMDAwfX0="
        }
      ]
    }
  ],
  "check_results": null
}
